
Microsoft Visual Studio Solution File, Format Version 12.00
# Visual Studio Version 16
VisualStudioVersion = 16.0.30717.126
MinimumVisualStudioVersion = 10.0.40219.1
Project("{FAE04EC0-301F-11D3-BF4B-00C04F79EFBC}") = "MyVet.Common", "MyVet.Common\MyVet.Common.csproj", "{6753FE44-592E-4980-AA14-B1FF4601B5B8}"
EndProject
Project("{FAE04EC0-301F-11D3-BF4B-00C04F79EFBC}") = "MyVet.Web", "MyVet.Web\MyVet.Web.csproj", "{91DEC62B-CF00-4FDE-BA1B-41F7A22B56E7}"
EndProject
Global
	GlobalSection(SolutionConfigurationPlatforms) = preSolution
		Debug|Any CPU = Debug|Any CPU
		Release|Any CPU = Release|Any CPU
	EndGlobalSection
	GlobalSection(ProjectConfigurationPlatforms) = postSolution
		{6753FE44-592E-4980-AA14-B1FF4601B5B8}.Debug|Any CPU.ActiveCfg = Debug|Any CPU
		{6753FE44-592E-4980-AA14-B1FF4601B5B8}.Debug|Any CPU.Build.0 = Debug|Any CPU
		{6753FE44-592E-4980-AA14-B1FF4601B5B8}.Release|Any CPU.ActiveCfg = Release|Any CPU
		{6753FE44-592E-4980-AA14-B1FF4601B5B8}.Release|Any CPU.Build.0 = Release|Any CPU
		{91DEC62B-CF00-4FDE-BA1B-41F7A22B56E7}.Debug|Any CPU.ActiveCfg = Debug|Any CPU
		{91DEC62B-CF00-4FDE-BA1B-41F7A22B56E7}.Debug|Any CPU.Build.0 = Debug|Any CPU
		{91DEC62B-CF00-4FDE-BA1B-41F7A22B56E7}.Release|Any CPU.ActiveCfg = Release|Any CPU
		{91DEC62B-CF00-4FDE-BA1B-41F7A22B56E7}.Release|Any CPU.Build.0 = Release|Any CPU
	EndGlobalSection
	GlobalSection(SolutionProperties) = preSolution
		HideSolutionNode = FALSE
	EndGlobalSection
	GlobalSection(ExtensibilityGlobals) = postSolution
		SolutionGuid = {E8680B8F-EAB5-454B-9403-2E5820432778}
	EndGlobalSection
EndGlobal
